pillow==12.3.0 \
    --hash=sha256:00808c5e14ef63ac5161091d242999076604ff74b883423a11e5d7bbb38bf756 \
    --hash=sha256:04f01d28a6aaff387bf842a13be313df23ba0597a44f1a976c9feb3c6ff4711a \
    --hash=sha256:06ff022112bc9cbf83b60f8e028d94ad87b60621706487e65f673de61610ab59 \
    --hash=sha256:0740a512dc522224c77d9aa5a8d70d8b7d73fb91f2c21125d8d025d3b8990e45 \
    --hash=sha256:0847a763afefb695bc912d7c131e7e0632d4edc1d8698f58ddabec8e46b8b6d3 \
    --hash=sha256:0dd2064cbc55aaec028ef5fbb60fa47bb6c3e7918e07ff17935284b227a9d2df \
    --hash=sha256:0feb2e9d6ad6c9e3c06effe9d00f3f1e618a6643273576b016f591e9315a7139 \
    --hash=sha256:10e41f0fbf1eec8cfd234b8fe17a4caac7c9d0db4c204d3c173a8f9f6ef3232b \
    --hash=sha256:1182d52bc2d5e5d7d0949503aa7e36d12f42205dc287e4883f407b1988820d39 \
    --hash=sha256:164b31cd1a0490ab6efae01aa5df49da7061be0af1b30e035b6e9a1bfe34ee6e \
    --hash=sha256:1657923d2d45afb66526e5b933e5b3052e6bdea196c90d3abb2424e18c77dae8 \
    --hash=sha256:186941b6aef820ad110fb01fb06eb925374dc3a21b17e37ec9a53b250c6fe2d1 \
    --hash=sha256:1cca606cd25738df4ed873d5ad46bbdb3d83b5cbca291f6b4ff13a4df6b0bbe8 \
    --hash=sha256:21900ce7ba264168cd50defae43cd75d25c833ad4ad6e73ffc5596d12e25ac89 \
    --hash=sha256:236ff70b9312fb68943c703aa842ca6a758abfa45ac187a5e7c1452e96ef72b5 \
    --hash=sha256:23aceaa007d6172b02c277f0cd359c79492bbb14f7072b4ede9fbcaf20648130 \
    --hash=sha256:23d27a3e0307ec2244cc51e7287b919aa68d097504ebe19df4e76a98a3eea5bd \
    --hash=sha256:24870b09b224f7ae3c39ed07d10e819d06f8720bc551847b1d623832b5b0e28d \
    --hash=sha256:251bf95b67017e27b13d82f5b326234ca62d70f9cf4c2b9032de2358a3b12c7b \
    --hash=sha256:25b9b82bb22e6e2b3cd07b39c68b7b862001226cb3dff7130d1cb914121b39ed \
    --hash=sha256:28ce87c5ab450a9dd970b52e5aca5fe63ed432d18a2eaddd1979a00a1ba24ace \
    --hash=sha256:300557495eb45ebb8aec96c2da9c4be642fbf7cd937278b4013ba894ea8eb0eb \
    --hash=sha256:30f2aa603c41533cc25c05acd0da21636e84a315768feb631c937177db558931 \
    --hash=sha256:331b624368d4f1d069149002f25f44bc61c8919ce8ddb3c45bdad8f6e2d89510 \
    --hash=sha256:37d6d0a00072fd2948eb22bce7e1475f34569d90c87c59f7a2ec59541b77f7a6 \
    --hash=sha256:37dc8f7bbb66efe481bb60defacef820c950c24713fb44962ed6aa2a50966de1 \
    --hash=sha256:3b8182a766685eaa002637e28b4ec8d6b18819a0c71f579bf0dbaa5830297cce \
    --hash=sha256:3edce1d53195db527e0191f84b71d02022de0540bf43a16ed734ed7537b07385 \
    --hash=sha256:446c34dcc4324b084a53b705127dc15717b22c5e140ae0a3c38349d4efec071e \
    --hash=sha256:4998562bf62a445225f22e07c896bb04b35b1b1f2eb6d760584c9c51d7a5f78c \
    --hash=sha256:4b0a7fe987b14c31ebda6083f74f22b561fd3739bc0ac51e019622e3d72668c7 \
    --hash=sha256:4e8c2a84d977f50b9daed6eeaf3baef67d00d5d74d932288f02cb94518ee3ace \
    --hash=sha256:4f883547d4b7f0495ebe7056b0cc2aea76094e7a4abc8e933540f3271df27d9c \
    --hash=sha256:514435a37670e3e5e08f3945b68718b6ed329bb84367777e16f9f4dfe1e61a0f \
    --hash=sha256:53aa02d20d10c3d814d536aa4e5ac9b84ca0ff5a88377963b085ad6822f93e64 \
    --hash=sha256:5594fc43d548a7ed94949d139aa1341b270f1863f11cfd37f5a6c8b778a6b67f \
    --hash=sha256:571b9fcb07b97ef3a492028fb3d2dc0993ca23a06138b0315286566d29ef718a \
    --hash=sha256:57b3d78c95ba9059768b10e28b813002261d3f3dfc55cc48b0c988f625175827 \
    --hash=sha256:5afb51d599ea772b8365ae807ae557f18bccfe46ab261fd1c2a9ed700fc6eb17 \
    --hash=sha256:6b02afb9b97f65fbca5f31db6a2a3ba21aa93030225f150fa3f249717e938fb4 \
    --hash=sha256:6c0016e7b354317c4e9e525b937ac8596c38d2d232b419529b9cd7a1cd46e39a \
    --hash=sha256:71d6097b330eea8fd15097780c8e89cb1a8ce7838669f48c5bacd6f663dd4701 \
    --hash=sha256:756c768d0c9c2955feb7a56c37ea24aea2e369f8d36a88da270b6a9f19e62b5e \
    --hash=sha256:78cb2c6865a35ab8ff8b75fd122f6033b92a62c82801110e48ddd6c936a45d91 \
    --hash=sha256:7a743ff716f746fc19a9557f60dab1600d4613255f8a7aeb3cdde4db7eb15a66 \
    --hash=sha256:85f998ea1848bc6757289e739cfbdda3a04adfd58b02fc018ce54d754a5ce468 \
    --hash=sha256:8728f216dcdb6e6d555cf971cb34076139ad74b31fc2c14da4fafc741c5f6217 \
    --hash=sha256:877c3f311ff35410f690861c4409e7ccbf0cd2f878e50628a28e5a0bb689e658 \
    --hash=sha256:8cd2f7bdda092d99c9fc2fb7391354f306d01443d22785d0cbfafa2e2c8bb418 \
    --hash=sha256:8e95e1385e4998ae9694eeaa4730ba5457ff61185b3a55e2e7bea0880aef452a \
    --hash=sha256:962864dc93511324d51ddbb5b9f8731bf71675b93ca612a07441896f4688fb8c \
    --hash=sha256:9cf95fe4d0f84c82d282745d9bb08ad9f926efa00be4697e767b814ce40d4330 \
    --hash=sha256:9e881fca225083806662a5c43d627d215f258ff43c890f831966c7d7ba9c7402 \
    --hash=sha256:a2b55dd6b2a4c4b7d87ffa56bdb33fdc5fdb9a462173861a7bc097f17d91cb09 \
    --hash=sha256:a45650e8ce7fafffd731db8550230db6b0d306d181a90b67d3e6bca2f1990930 \
    --hash=sha256:a876864214e136f0eb367788dbd7df045f4806801518e2cfe9e13229cfe06d8f \
    --hash=sha256:ae26d61dfa7a47befdc7572b521024e8745f3d809bd95ca9505a7bba9ef849ec \
    --hash=sha256:af8d94b0db561cf68b88a267c5c44b49e134f525d0dc2cb7ed413a66bc23559a \
    --hash=sha256:b343699e8308bdc51978310e1c959c584e7869cc8c40780058c87da7781a1e94 \
    --hash=sha256:b3c777e849237620b022f7f297dd67705f9f5cf1685f09f02e46f93e92725468 \
    --hash=sha256:b629de27fda84b42cde7edef0d85f13b958b47f6e9bbcbba9b673c562a89bd8b \
    --hash=sha256:ba09209fbe443b4acccebe845d8a138b89a8f4fbaeedd44953490b5315d5e965 \
    --hash=sha256:ba54cfebe86920a559a7c4d6b9050791c20513650a1952ebe3368c7dc70306f8 \
    --hash=sha256:bcb46e2f9feff8d06323983bd83ed00c201fdcab3d74973e7072a889b3979fcd \
    --hash=sha256:bcc33feacfaefce60c12fd500a277533bdc02b10a19f7f6d348763d8140bbba7 \
    --hash=sha256:bf16ba1b4d0b6b7c8e534936632270cf70eb00dbe09005bc345b2677b726855c \
    --hash=sha256:cf1845d02ad822a369a49f2bb9345b1614744267682e7a03527dc3bf6eea1777 \
    --hash=sha256:d69141514cc30b774ceea5e3ed3a6635c8d8a96edf664689b890f4089111fb35 \
    --hash=sha256:d9c7f76c0673154f044e9d78c8655fb4213f6ca31a836df48b40fe5d187717b9 \
    --hash=sha256:dbce0b29841537a2fa4a214c2bbf14de3587c9680caa9b4e217568472490b28f \
    --hash=sha256:dc624f6bc473dacdf7ef7eb8678d0d08edf15cd94fad6ae5c7d6cc67a4e4902f \
    --hash=sha256:e158cb00350dc278f3b91551101aa7d12415a66ebf2c91d8d5ac14e56ddd3ad0 \
    --hash=sha256:e491916b378fba47242221bb9ead245211b70d504f495d105d17b14a24b4907c \
    --hash=sha256:e795b7eb908249c4e43c7c99fac7c2c75dab0c43566e37db472a355f63693d71 \
    --hash=sha256:e7e480451b9fa137494bccd3a7d69adbe8ac65a87d97be61e11f1b1050a5bac3 \
    --hash=sha256:e91206ee562682b51b98ef4b26a6ef48fd84e15fd4c4bc5ec768eb641d206838 \
    --hash=sha256:e9871b1ffbfa9656b60aeee92ed5136a5742696006fa322b29ea3d8da0ecc9cf \
    --hash=sha256:e9aeb04d6aef139de265b29683e119b638208f88cf73cdd1658aa07221165321 \
    --hash=sha256:ebaea975e03d3141d9d3a507df75c9b3ec90fa9d2ffd07567b3a978d9d790b26 \
    --hash=sha256:f0606c8bf2cdefea14a43530f7657cbbb7ecf1c4222512492ef4a4434a9501ec \
    --hash=sha256:f13c32a3abd6079a66d9526e18dad9b6d280384d49d7c54040cd57b6424041d9 \
    --hash=sha256:f7401aebd7f581d7f83a439d87d474999317ee099218e5ad25d125290990ba65 \
    --hash=sha256:fa4ecea169a355be7a3ade2c783e2ed12f0e40d2c5621cda8b3297faf7fbb9f5 \
    --hash=sha256:fbd139c8447d25dd750ab79ee274cc5e1fe80fc56340ab10b18a195e1b6eca3e \
    --hash=sha256:fdafc9cce40277e0f7a0feabce0ee50dd2fa1800f3b38015e51296b5e814048d \
    --hash=sha256:fe3cca2e4e8a592be0f269a1ca4835c25199d9f3ce815c8491048f785b0a0198 \
    --hash=sha256:ffd0c5368496f41b0944be820fcb7a838aa6e623d250b01acf2643939c3f99d7
    # via
    #   -r plog/requirements.txt
    #   pillow-heif
pillow-heif==1.6.0 \
    --hash=sha256:005ebcbdf1dac09a9f03352bfa4a325db631e42e17b5affb7d44e73bbebf789a \
    --hash=sha256:0dc91b17dec9694742078d50ae10f7ef31da8015897493b7c91b6f609d60d9cd \
    --hash=sha256:0ec37d8cc19f64f8c086bb17f965d797e44616ee0512f3216d86fe22864aa1f6 \
    --hash=sha256:1629b5d5aaf484d5901297be024228abf8182c671e6c31dbbadf280faf1115c2 \
    --hash=sha256:241c2406e2bd7e05c3196ef4a12b7021e562a257d53b763ab7c75664e7f6910b \
    --hash=sha256:269c704580cc9f55d58e088dd928cd10adbd590d6246b84376bc6439f53d93e9 \
    --hash=sha256:288cbf53fcb74c46be4af1c602d8d704cf4ae2d96973c81f79efb4bf95a600d8 \
    --hash=sha256:2b5f89103352d3d93839f237a0d86c161349b112ad941719d89bce11677fa425 \
    --hash=sha256:2d6ac2d52effce3a575f506d956b28a8a8842c905ef99134371c4d19a19e923e \
    --hash=sha256:2e587d24ee542e91cc2c71b2eccc0864b16786c06b16d36c9b41199573488943 \
    --hash=sha256:42e1e2ad6cac274cd68bb14cfe591d5f1ac24246bb01ef7834d4e34e1a33d4ea \
    --hash=sha256:460d8ba81da35a6da83a31f888e6590a7984ab78ab5c75bf48875e0f0b6cc8bd \
    --hash=sha256:47de27e453d8d656f32df98143e20710c79f5567c4c5bbb225bc3b79fd0f132f \
    --hash=sha256:497dd5a366d42f36468cc999f9d095ddada167a19bc922866349d2df74448073 \
    --hash=sha256:4f9ab96cf1aca56547ba1228cf8c124a1459453a16176abf1714a8dbb991c1ac \
    --hash=sha256:50a89a200c7ccce076fcbf4fed16473d2ee393762c302ec3213bf30211af2c4f \
    --hash=sha256:52c40715f36fa99fdd825f5207b3c531e49e0b5cc5884ee63a9f9ea8e46e4d05 \
    --hash=sha256:588ec4ba2a70291d38f20f3bd30cc4805764af7a27e9429b16687568a9257728 \
    --hash=sha256:59285666c8c46cb042f7cdda2a86bf44983f14f2cc8ab9d4e20338b209b5c2e3 \
    --hash=sha256:592f0125548e5476eb062dbccc4469828aef1b736640c09d4456ceef6fce446d \
    --hash=sha256:5fa0d62f8dc6c9f63766de8e12ff5d1a0eba081994a4a50455fc99833a0fde42 \
    --hash=sha256:5fb08da332fc44521611b646a3aa2f3455c14556c968a23723b76ec2ce8ade21 \
    --hash=sha256:6987d350996503c7a3dc49e67d251747fc6a8641cc363e0a5fae0a41e70d925c \
    --hash=sha256:75db44bbdc6c7485a701e7370a0863f9ad40b4003bcd6852f94975c3b852d3a8 \
    --hash=sha256:7a16afc771f72fe3ffb7731836e98abf1e11ae0381d481f32e61c8a1cebe4c87 \
    --hash=sha256:7ac0601848596b97f2ffb6c954c581c5b97ad599d6af7739630eb45c8d540554 \
    --hash=sha256:7b4e6e6b3936da5ff548f1c7a913bee066039c5eb001ec43bfd74b593efef7ea \
    --hash=sha256:7f857e83367346fc6cfb6c6292e6e6b1c513acd721a31a4d598d109621408b56 \
    --hash=sha256:8427027294c7ece44ad6d6d5996d85e163363578f97a44c9a6e2a2adb6d98941 \
    --hash=sha256:8a22ff6df37d0fd2d6d2d71c00282db2feb304cb82d077da33dad7d61074fb3c \
    --hash=sha256:8c5397ff8c11c12ef51f0d657a619460639cc0b568caae74633dcf7ffb3cb114 \
    --hash=sha256:962e1bb0f454f62931c5bef4b61aeeab13b0ff2192fd051b30b23006edac97fb \
    --hash=sha256:97b04a64e448c870129d161c2af5b62332aa7bc503579893d79d4d7b3a1ae138 \
    --hash=sha256:97b05d72725a1936c860015ca48f5e6e8fc9236cf5e9032eb7b9c237c786c9d3 \
    --hash=sha256:97df22c6a1c0d91f8683100978e3ba18a90fab55181209aa493ccfba56edf131 \
    --hash=sha256:98088cfad97661bbf01b75b057718eeba56b59edabc99958354056387cd2891d \
    --hash=sha256:9a710ae1f4a95df50fe2d75ed24833cf6dffe498b41db0a0787d431d3114bd6f \
    --hash=sha256:9b8f2cad0b46b3b40a9c6cc6d00d837c295cf3c2abf2cd5cae84c1f94f91bf38 \
    --hash=sha256:9ec24378b3cc62e3111633abee01789e1934496144e9779d7d3a9ca937b25397 \
    --hash=sha256:a05966769fdacae51b5b91cca662f5ec1e048ccb02343a9a582a94743915765f \
    --hash=sha256:a33d57fee589fc669c473c3349abd9b1a7b9e9b6c1e1b3d67a4930893dc9cbd3 \
    --hash=sha256:a4c3b4fea20f11a7c9ebb22c7276da357acd767cda2308dee38f341877f2aa2a \
    --hash=sha256:a73a302c9d37360172e2a8d8e6d6de3a3725bb263f35a81dfa7187a4821e27f2 \
    --hash=sha256:a7fd8789ed7dddbff922f624398ecda88a2b2b3890477f81cf89255242955aa6 \
    --hash=sha256:abf0333681ed6af37fa5085dd93c11046ada83cc0d5cbe13856923bccffdc42a \
    --hash=sha256:b0f9be46fc2865e6d7ee151fb7ea9def9993a485e9c7873eb9bba8b7220879a1 \
    --hash=sha256:b5fe169f9ccc094f482fae1c22b519dd867150775bd7de31dc4cc13562a3b013 \
    --hash=sha256:b78d76234dc58cc40faf9fa804bbc354f1796fc5e8d0b3674d6533829782b3ca \
    --hash=sha256:b7ba4b0f1c7ea2e2388ebf28fd151a145ca3bc6dd0c79b08480b01189cc2546f \
    --hash=sha256:b8f50007dc92e7027ac6decdf99a7960010343b39e9ff0a7e07cc1e995820455 \
    --hash=sha256:b925dbc0394319ef048de4ebf08895fa27ed214dcd2501ce4d8094ee3dc4a01c \
    --hash=sha256:bbe6ab23bf60f0ba12de0f2c8608f6bd61015cae616dfb99368d8f6773f72255 \
    --hash=sha256:bd5c410acce12104a4043c3a3ed84a8b709da67274dca31a5da2bb237d46f108 \
    --hash=sha256:c3379e03122986e8b1a0a5830c0831dc2fc57a5055b88dbd4dec326830d4c18f \
    --hash=sha256:cc7a2bb84559a67a53ea075123c7b994a55224fa11177849fd399ae5604d7b7f \
    --hash=sha256:ccd5339b1846b305d820280a183ae19b6f0769ea804bd56da0342b638ad79d85 \
    --hash=sha256:cf7c6c21973766d4ad25c3b9e94ec49c00f15812262c55f07fffd0dab4c0b50e \
    --hash=sha256:cfe6bc699e3f5e1ebdf8cd253dde4d79278ce9d64c0a3a3824786d967c1cba29 \
    --hash=sha256:d2674c073b44f6b523ff6be19e337984f863778c14586333fe092b5806f38b63 \
    --hash=sha256:d2a66d4e01bcce4b7f445ffdadfe454b8706d85536fec0cb8df18927d75fe16c \
    --hash=sha256:d3a8c9bd430b4036980656e35f92703cc90ce7af441936664b6155fbea1033c5 \
    --hash=sha256:d3f57ad5c0c8f35c6d72edec55316fa8d832c1657428a92c9ef29c5e3a39b1a0 \
    --hash=sha256:d40e72954f398d920d75693c228dabd694bace696416122cfebdf857b9340dba \
    --hash=sha256:da43303dde3d7dc8b936da3c10b4e5bc2f5fd470655d2cde84a6bc0a587e66e2 \
    --hash=sha256:df89e90533249949bef6635772dd563055ad7cbfced37b413ba9d8a728533224 \
    --hash=sha256:e1bde55faaa9106ed9746ca41150b87cc549bd37ebfd840be9aa81feb9ba3486 \
    --hash=sha256:e893a1bca4f9e1b55a6cf0c22111c566622c25260e8d2532f4b4a243ebe0ef74 \
    --hash=sha256:ed1e176cb73d245f58a2134129e8673023aefba89ff566fd65467048e4390ad5 \
    --hash=sha256:f9b71b16fbe0d3dab70091e76dd9e16606bbdf68be45f455e1a922c346fe56ff \
    --hash=sha256:fea53c682c99d21c252b03e5a8ff4ffb9f7a6c63a11addeecd0a0dc26c3b2fee
    # via -r plog/requirements-heif.txt
